<?xml version="1.0" encoding="utf-8"?>
<Project ToolsVersion="4.0" xmlns="http://schemas.microsoft.com/developer/msbuild/2003">
  <ItemGroup>
    <Filter Include="Kaynak Dosyalar">
      <UniqueIdentifier>{9A5D065B-47C7-47EF-8E14-7081B80A125A}</UniqueIdentifier>
      <Extensions>cpp;c;cc;cxx;c++;cppm;ixx;def;odl;idl;hpj;bat;asm;asmx</Extensions>
    </Filter>
    <Filter Include="Üst Bilgi Dosyaları">
      <UniqueIdentifier>{9E43590C-18F1-43EC-8CB0-FBFF2FC76219}</UniqueIdentifier>
      <Extensions>h;hh;hpp;hxx;h++;hm;inl;inc;ipp;xsd</Extensions>
    </Filter>
    <Filter Include="Kaynak Dosyaları">
      <UniqueIdentifier>{B49C0FEE-0A68-478B-A054-50CC5FF1CB7A}</UniqueIdentifier>
      <Extensions>rc;ico;cur;bmp;dlg;rc2;rct;bin;rgs;gif;jpg;jpeg;jpe;resx;tiff;tif;png;wav;mfcribbon-ms</Extensions>
    </Filter>
  </ItemGroup>
  <ItemGroup>
    <ClCompile Include="aibox.cpp">
      <Filter>Kaynak Dosyalar</Filter>
    </ClCompile>
    <ClCompile Include="AItest.cpp">
      <Filter>Kaynak Dosyalar</Filter>
    </ClCompile>
    <ClCompile Include="main.cpp">
      <Filter>Kaynak Dosyalar</Filter>
    </ClCompile>
    <ClCompile Include="menu.cpp">
      <Filter>Kaynak Dosyalar</Filter>
    </ClCompile>
  </ItemGroup>
  <ItemGroup>
    <ClInclude Include="aibox.h">
      <Filter>Üst Bilgi Dosyaları</Filter>
    </ClInclude>
    <ClInclude Include="calcangle.h">
      <Filter>Üst Bilgi Dosyaları</Filter>
    </ClInclude>
    <ClInclude Include="input.h">
      <Filter>Üst Bilgi Dosyaları</Filter>
    </ClInclude>
    <ClInclude Include="menu.h">
      <Filter>Üst Bilgi Dosyaları</Filter>
    </ClInclude>
    <ClInclude Include="player.h">
      <Filter>Üst Bilgi Dosyaları</Filter>
    </ClInclude>
    <ClInclude Include="sha_imp.h">
      <Filter>Üst Bilgi Dosyaları</Filter>
    </ClInclude>
    <ClInclude Include="vectors.h">
      <Filter>Üst Bilgi Dosyaları</Filter>
    </ClInclude>
  </ItemGroup>
</Project>